// !$*UTF8*$!
{
	archiveVersion = 1;
	classes = {
	};
	objectVersion = 56;
	objects = {

/* Begin PBXBuildFile section */
		7624B28F2C4C49260089CC57 /* AnimationPlaygroundApp.swift in Sources */ = {isa = PBXBuildFile; fileRef = 7624B28E2C4C49260089CC57 /* AnimationPlaygroundApp.swift */; };
		7624B2912C4C49260089CC57 /* ContentView.swift in Sources */ = {isa = PBXBuildFile; fileRef = 7624B2902C4C49260089CC57 /* ContentView.swift */; };
		7624B2932C4C49280089CC57 /* Assets.xcassets in Resources */ = {isa = PBXBuildFile; fileRef = 7624B2922C4C49280089CC57 /* Assets.xcassets */; };
		7624B2962C4C49280089CC57 /* Preview Assets.xcassets in Resources */ = {isa = PBXBuildFile; fileRef = 7624B2952C4C49280089CC57 /* Preview Assets.xcassets */; };
		7624B2A02C4C49280089CC57 /* AnimationPlaygroundTests.swift in Sources */ = {isa = PBXBuildFile; fileRef = 7624B29F2C4C49280089CC57 /* AnimationPlaygroundTests.swift */; };
		7624B2AA2C4C49280089CC57 /* AnimationPlaygroundUITests.swift in Sources */ = {isa = PBXBuildFile; fileRef = 7624B2A92C4C49280089CC57 /* AnimationPlaygroundUITests.swift */; };
		7624B2AC2C4C49280089CC57 /* AnimationPlaygroundUITestsLaunchTests.swift in Sources */ = {isa = PBXBuildFile; fileRef = 7624B2AB2C4C49280089CC57 /* AnimationPlaygroundUITestsLaunchTests.swift */; };
		7624B2BA2C4C4A180089CC57 /* AnimatingCircle.swift in Sources */ = {isa = PBXBuildFile; fileRef = 7624B2B92C4C4A180089CC57 /* AnimatingCircle.swift */; };
/* End PBXBuildFile section */

/* Begin PBXContainerItemProxy section */
		7624B29C2C4C49280089CC57 /* PBXContainerItemProxy */ = {
			isa = PBXContainerItemProxy;
			containerPortal = 7624B2832C4C49260089CC57 /* Project object */;
			proxyType = 1;
			remoteGlobalIDString = 7624B28A2C4C49260089CC57;
			remoteInfo = AnimationPlayground;
		};
		7624B2A62C4C49280089CC57 /* PBXContainerItemProxy */ = {
			isa = PBXContainerItemProxy;
			containerPortal = 7624B2832C4C49260089CC57 /* Project object */;
			proxyType = 1;
			remoteGlobalIDString = 7624B28A2C4C49260089CC57;
			remoteInfo = AnimationPlayground;
		};
/* End PBXContainerItemProxy section */

/* Begin PBXFileReference section */
		7624B28B2C4C49260089CC57 /* AnimationPlayground.app */ = {isa = PBXFileReference; explicitFileType = wrapper.application; includeInIndex = 0; path = AnimationPlayground.app; sourceTree = BUILT_PRODUCTS_DIR; };
		7624B28E2C4C49260089CC57 /* AnimationPlaygroundApp.swift */ = {isa = PBXFileReference; lastKnownFileType = sourcecode.swift; path = AnimationPlaygroundApp.swift; sourceTree = "<group>"; };
		7624B2902C4C49260089CC57 /* ContentView.swift */ = {isa = PBXFileReference; lastKnownFileType = sourcecode.swift; path = ContentView.swift; sourceTree = "<group>"; };
		7624B2922C4C49280089CC57 /* Assets.xcassets */ = {isa = PBXFileReference; lastKnownFileType = folder.assetcatalog; path = Assets.xcassets; sourceTree = "<group>"; };
		7624B2952C4C49280089CC57 /* Preview Assets.xcassets */ = {isa = PBXFileReference; lastKnownFileType = folder.assetcatalog; path = "Preview Assets.xcassets"; sourceTree = "<group>"; };
		7624B29B2C4C49280089CC57 /* AnimationPlaygroundTests.xctest */ = {isa = PBXFileReference; explicitFileType = wrapper.cfbundle; includeInIndex = 0; path = AnimationPlaygroundTests.xctest; sourceTree = BUILT_PRODUCTS_DIR; };
		7624B29F2C4C49280089CC57 /* AnimationPlaygroundTests.swift */ = {isa = PBXFileReference; lastKnownFileType = sourcecode.swift; path = AnimationPlaygroundTests.swift; sourceTree = "<group>"; };
		7624B2A52C4C49280089CC57 /* AnimationPlaygroundUITests.xctest */ = {isa = PBXFileReference; explicitFileType = wrapper.cfbundle; includeInIndex = 0; path = AnimationPlaygroundUITests.xctest; sourceTree = BUILT_PRODUCTS_DIR; };
		7624B2A92C4C49280089CC57 /* AnimationPlaygroundUITests.swift */ = {isa = PBXFileReference; lastKnownFileType = sourcecode.swift; path = AnimationPlaygroundUITests.swift; sourceTree = "<group>"; };
		7624B2AB2C4C49280089CC57 /* AnimationPlaygroundUITestsLaunchTests.swift */ = {isa = PBXFileReference; lastKnownFileType = sourcecode.swift; path = AnimationPlaygroundUITestsLaunchTests.swift; sourceTree = "<group>"; };
		7624B2B92C4C4A180089CC57 /* AnimatingCircle.swift */ = {isa = PBXFileReference; lastKnownFileType = sourcecode.swift; path = AnimatingCircle.swift; sourceTree = "<group>"; };
/* End PBXFileReference section */

/* Begin PBXFrameworksBuildPhase section */
		7624B2882C4C49260089CC57 /* Frameworks */ = {
			isa = PBXFrameworksBuildPhase;
			buildActionMask = 2147483647;
			files = (
			);
			runOnlyForDeploymentPostprocessing = 0;
		};
		7624B2982C4C49280089CC57 /* Frameworks */ = {
			isa = PBXFrameworksBuildPhase;
			buildActionMask = 2147483647;
			files = (
			);
			runOnlyForDeploymentPostprocessing = 0;
		};
		7624B2A22C4C49280089CC57 /* Frameworks */ = {
			isa = PBXFrameworksBuildPhase;
			buildActionMask = 2147483647;
			files = (
			);
			runOnlyForDeploymentPostprocessing = 0;
		};
/* End PBXFrameworksBuildPhase section */

/* Begin PBXGroup section */
		7624B2822C4C49260089CC57 = {
			isa = PBXGroup;
			children = (
				7624B28D2C4C49260089CC57 /* AnimationPlayground */,
				7624B29E2C4C49280089CC57 /* AnimationPlaygroundTests */,
				7624B2A82C4C49280089CC57 /* AnimationPlaygroundUITests */,
				7624B28C2C4C49260089CC57 /* Products */,
			);
			sourceTree = "<group>";
		};
		7624B28C2C4C49260089CC57 /* Products */ = {
			isa = PBXGroup;
			children = (
				7624B28B2C4C49260089CC57 /* AnimationPlayground.app */,
				7624B29B2C4C49280089CC57 /* AnimationPlaygroundTests.xctest */,
				7624B2A52C4C49280089CC57 /* AnimationPlaygroundUITests.xctest */,
			);
			name = Products;
			sourceTree = "<group>";
		};
		7624B28D2C4C49260089CC57 /* AnimationPlayground */ = {
			isa = PBXGroup;
			children = (
				7624B2B82C4C49D60089CC57 /* AnimatingCircle */,
				7624B28E2C4C49260089CC57 /* AnimationPlaygroundApp.swift */,
				7624B2902C4C49260089CC57 /* ContentView.swift */,
				7624B2922C4C49280089CC57 /* Assets.xcassets */,
				7624B2942C4C49280089CC57 /* Preview Content */,
			);
			path = AnimationPlayground;
			sourceTree = "<group>";
		};
		7624B2942C4C49280089CC57 /* Preview Content */ = {
			isa = PBXGroup;
			children = (
				7624B2952C4C49280089CC57 /* Preview Assets.xcassets */,
			);
			path = "Preview Content";
			sourceTree = "<group>";
		};
		7624B29E2C4C49280089CC57 /* AnimationPlaygroundTests */ = {
			isa = PBXGroup;
			children = (
				7624B29F2C4C49280089CC57 /* AnimationPlaygroundTests.swift */,
			);
			path = AnimationPlaygroundTests;
			sourceTree = "<group>";
		};
		7624B2A82C4C49280089CC57 /* AnimationPlaygroundUITests */ = {
			isa = PBXGroup;
			children = (
				7624B2A92C4C49280089CC57 /* AnimationPlaygroundUITests.swift */,
				7624B2AB2C4C49280089CC57 /* AnimationPlaygroundUITestsLaunchTests.swift */,
			);
			path = AnimationPlaygroundUITests;
			sourceTree = "<group>";
		};
		7624B2B82C4C49D60089CC57 /* AnimatingCircle */ = {
			isa = PBXGroup;
			children = (
				7624B2B92C4C4A180089CC57 /* AnimatingCircle.swift */,
			);
			path = AnimatingCircle;
			sourceTree = "<group>";
		};
/* End PBXGroup section */

/* Begin PBXNativeTarget section */
		7624B28A2C4C49260089CC57 /* AnimationPlayground */ = {
			isa = PBXNativeTarget;
			buildConfigurationList = 7624B2AF2C4C49280089CC57 /* Build configuration list for PBXNativeTarget "AnimationPlayground" */;
			buildPhases = (
				7624B2872C4C49260089CC57 /* Sources */,
				7624B2882C4C49260089CC57 /* Frameworks */,
				7624B2892C4C49260089CC57 /* Resources */,
			);
			buildRules = (
			);
			dependencies = (
			);
			name = AnimationPlayground;
			productName = AnimationPlayground;
			productReference = 7624B28B2C4C49260089CC57 /* AnimationPlayground.app */;
			productType = "com.apple.product-type.application";
		};
		7624B29A2C4C49280089CC57 /* AnimationPlaygroundTests */ = {
			isa = PBXNativeTarget;
			buildConfigurationList = 7624B2B22C4C49280089CC57 /* Build configuration list for PBXNativeTarget "AnimationPlaygroundTests" */;
			buildPhases = (
				7624B2972C4C49280089CC57 /* Sources */,
				7624B2982C4C49280089CC57 /* Frameworks */,
				7624B2992C4C49280089CC57 /* Resources */,
			);
			buildRules = (
			);
			dependencies = (
				7624B29D2C4C49280089CC57 /* PBXTargetDependency */,
			);
			name = AnimationPlaygroundTests;
			productName = AnimationPlaygroundTests;
			productReference = 7624B29B2C4C49280089CC57 /* AnimationPlaygroundTests.xctest */;
			productType = "com.apple.product-type.bundle.unit-test";
		};
		7624B2A42C4C49280089CC57 /* AnimationPlaygroundUITests */ = {
			isa = PBXNativeTarget;
			buildConfigurationList = 7624B2B52C4C49280089CC57 /* Build configuration list for PBXNativeTarget "AnimationPlaygroundUITests" */;
			buildPhases = (
				7624B2A12C4C49280089CC57 /* Sources */,
				7624B2A22C4C49280089CC57 /* Frameworks */,
				7624B2A32C4C49280089CC57 /* Resources */,
			);
			buildRules = (
			);
			dependencies = (
				7624B2A72C4C49280089CC57 /* PBXTargetDependency */,
			);
			name = AnimationPlaygroundUITests;
			productName = AnimationPlaygroundUITests;
			productReference = 7624B2A52C4C49280089CC57 /* AnimationPlaygroundUITests.xctest */;
			productType = "com.apple.product-type.bundle.ui-testing";
		};
/* End PBXNativeTarget section */

/* Begin PBXProject section */
		7624B2832C4C49260089CC57 /* Project object */ = {
			isa = PBXProject;
			attributes = {
				BuildIndependentTargetsInParallel = 1;
				LastSwiftUpdateCheck = 1540;
				LastUpgradeCheck = 1540;
				TargetAttributes = {
					7624B28A2C4C49260089CC57 = {
						CreatedOnToolsVersion = 15.4;
					};
					7624B29A2C4C49280089CC57 = {
						CreatedOnToolsVersion = 15.4;
						TestTargetID = 7624B28A2C4C49260089CC57;
					};
					7624B2A42C4C49280089CC57 = {
						CreatedOnToolsVersion = 15.4;
						TestTargetID = 7624B28A2C4C49260089CC57;
					};
				};
			};
			buildConfigurationList = 7624B2862C4C49260089CC57 /* Build configuration list for PBXProject "AnimationPlayground" */;
			compatibilityVersion = "Xcode 14.0";
			developmentRegion = en;
			hasScannedForEncodings = 0;
			knownRegions = (
				en,
				Base,
			);
			mainGroup = 7624B2822C4C49260089CC57;
			productRefGroup = 7624B28C2C4C49260089CC57 /* Products */;
			projectDirPath = "";
			projectRoot = "";
			targets = (
				7624B28A2C4C49260089CC57 /* AnimationPlayground */,
				7624B29A2C4C49280089CC57 /* AnimationPlaygroundTests */,
				7624B2A42C4C49280089CC57 /* AnimationPlaygroundUITests */,
			);
		};
/* End PBXProject section */

/* Begin PBXResourcesBuildPhase section */
		7624B2892C4C49260089CC57 /* Resources */ = {
			isa = PBXResourcesBuildPhase;
			buildActionMask = 2147483647;
			files = (
				7624B2962C4C49280089CC57 /* Preview Assets.xcassets in Resources */,
				7624B2932C4C49280089CC57 /* Assets.xcassets in Resources */,
			);
			runOnlyForDeploymentPostprocessing = 0;
		};
		7624B2992C4C49280089CC57 /* Resources */ = {
			isa = PBXResourcesBuildPhase;
			buildActionMask = 2147483647;
			files = (
			);
			runOnlyForDeploymentPostprocessing = 0;
		};
		7624B2A32C4C49280089CC57 /* Resources */ = {
			isa = PBXResourcesBuildPhase;
			buildActionMask = 2147483647;
			files = (
			);
			runOnlyForDeploymentPostprocessing = 0;
		};
/* End PBXResourcesBuildPhase section */

/* Begin PBXSourcesBuildPhase section */
		7624B2872C4C49260089CC57 /* Sources */ = {
			isa = PBXSourcesBuildPhase;
			buildActionMask = 2147483647;
			files = (
				7624B2BA2C4C4A180089CC57 /* AnimatingCircle.swift in Sources */,
				7624B2912C4C49260089CC57 /* ContentView.swift in Sources */,
				7624B28F2C4C49260089CC57 /* AnimationPlaygroundApp.swift in Sources */,
			);
			runOnlyForDeploymentPostprocessing = 0;
		};
		7624B2972C4C49280089CC57 /* Sources */ = {
			isa = PBXSourcesBuildPhase;
			buildActionMask = 2147483647;
			files = (
				7624B2A02C4C49280089CC57 /* AnimationPlaygroundTests.swift in Sources */,
			);
			runOnlyForDeploymentPostprocessing = 0;
		};
		7624B2A12C4C49280089CC57 /* Sources */ = {
			isa = PBXSourcesBuildPhase;
			buildActionMask = 2147483647;
			files = (
				7624B2AC2C4C49280089CC57 /* AnimationPlaygroundUITestsLaunchTests.swift in Sources */,
				7624B2AA2C4C49280089CC57 /* AnimationPlaygroundUITests.swift in Sources */,
			);
			runOnlyForDeploymentPostprocessing = 0;
		};
/* End PBXSourcesBuildPhase section */

/* Begin PBXTargetDependency section */
		7624B29D2C4C49280089CC57 /* PBXTargetDependency */ = {
			isa = PBXTargetDependency;
			target = 7624B28A2C4C49260089CC57 /* AnimationPlayground */;
			targetProxy = 7624B29C2C4C49280089CC57 /* PBXContainerItemProxy */;
		};
		7624B2A72C4C49280089CC57 /* PBXTargetDependency */ = {
			isa = PBXTargetDependency;
			target = 7624B28A2C4C49260089CC57 /* AnimationPlayground */;
			targetProxy = 7624B2A62C4C49280089CC57 /* PBXContainerItemProxy */;
		};
/* End PBXTargetDependency section */

/* Begin XCBuildConfiguration section */
		7624B2AD2C4C49280089CC57 /* Debug */ = {
			isa = XCBuildConfiguration;
			buildSettings = {
				ALWAYS_SEARCH_USER_PATHS = NO;
				ASSETCATALOG_COMPILER_GENERATE_SWIFT_ASSET_SYMBOL_EXTENSIONS = YES;
				CLANG_ANALYZER_NONNULL = YES;
				CLANG_ANALYZER_NUMBER_OBJECT_CONVERSION = YES_AGGRESSIVE;
				CLANG_CXX_LANGUAGE_STANDARD = "gnu++20";
				CLANG_ENABLE_MODULES = YES;
				CLANG_ENABLE_OBJC_ARC = YES;
				CLANG_ENABLE_OBJC_WEAK = YES;
				CLANG_WARN_BLOCK_CAPTURE_AUTORELEASING = YES;
				CLANG_WARN_BOOL_CONVERSION = YES;
				CLANG_WARN_COMMA = YES;
				CLANG_WARN_CONSTANT_CONVERSION = YES;
				CLANG_WARN_DEPRECATED_OBJC_IMPLEMENTATIONS = YES;
				CLANG_WARN_DIRECT_OBJC_ISA_USAGE = YES_ERROR;
				CLANG_WARN_DOCUMENTATION_COMMENTS = YES;
				CLANG_WARN_EMPTY_BODY = YES;
				CLANG_WARN_ENUM_CONVERSION = YES;
				CLANG_WARN_INFINITE_RECURSION = YES;
				CLANG_WARN_INT_CONVERSION = YES;
				CLANG_WARN_NON_LITERAL_NULL_CONVERSION = YES;
				CLANG_WARN_OBJC_IMPLICIT_RETAIN_SELF = YES;
				CLANG_WARN_OBJC_LITERAL_CONVERSION = YES;
				CLANG_WARN_OBJC_ROOT_CLASS = YES_ERROR;
				CLANG_WARN_QUOTED_INCLUDE_IN_FRAMEWORK_HEADER = YES;
				CLANG_WARN_RANGE_LOOP_ANALYSIS = YES;
				CLANG_WARN_STRICT_PROTOTYPES = YES;
				CLANG_WARN_SUSPICIOUS_MOVE = YES;
				CLANG_WARN_UNGUARDED_AVAILABILITY = YES_AGGRESSIVE;
				CLANG_WARN_UNREACHABLE_CODE = YES;
				CLANG_WARN__DUPLICATE_METHOD_MATCH = YES;
				COPY_PHASE_STRIP = NO;
				DEBUG_INFORMATION_FORMAT = dwarf;
				ENABLE_STRICT_OBJC_MSGSEND = YES;
				ENABLE_TESTABILITY = YES;
				ENABLE_USER_SCRIPT_SANDBOXING = YES;
				GCC_C_LANGUAGE_STANDARD = gnu17;
				GCC_DYNAMIC_NO_PIC = NO;
				GCC_NO_COMMON_BLOCKS = YES;
				GCC_OPTIMIZATION_LEVEL = 0;
				GCC_PREPROCESSOR_DEFINITIONS = (
					"DEBUG=1",
					"$(inherited)",
				);
				GCC_WARN_64_TO_32_BIT_CONVERSION = YES;
				GCC_WARN_ABOUT_RETURN_TYPE = YES_ERROR;
				GCC_WARN_UNDECLARED_SELECTOR = YES;
				GCC_WARN_UNINITIALIZED_AUTOS = YES_AGGRESSIVE;
				GCC_WARN_UNUSED_FUNCTION = YES;
				GCC_WARN_UNUSED_VARIABLE = YES;
				IPHONEOS_DEPLOYMENT_TARGET = 17.5;
				LOCALIZATION_PREFERS_STRING_CATALOGS = YES;
				MTL_ENABLE_DEBUG_INFO = INCLUDE_SOURCE;
				MTL_FAST_MATH = YES;
				ONLY_ACTIVE_ARCH = YES;
				SDKROOT = iphoneos;
				SWIFT_ACTIVE_COMPILATION_CONDITIONS = "DEBUG $(inherited)";
				SWIFT_OPTIMIZATION_LEVEL = "-Onone";
			};
			name = Debug;
		};
		7624B2AE2C4C49280089CC57 /* Release */ = {
			isa = XCBuildConfiguration;
			buildSettings = {
				ALWAYS_SEARCH_USER_PATHS = NO;
				ASSETCATALOG_COMPILER_GENERATE_SWIFT_ASSET_SYMBOL_EXTENSIONS = YES;
				CLANG_ANALYZER_NONNULL = YES;
				CLANG_ANALYZER_NUMBER_OBJECT_CONVERSION = YES_AGGRESSIVE;
				CLANG_CXX_LANGUAGE_STANDARD = "gnu++20";
				CLANG_ENABLE_MODULES = YES;
				CLANG_ENABLE_OBJC_ARC = YES;
				CLANG_ENABLE_OBJC_WEAK = YES;
				CLANG_WARN_BLOCK_CAPTURE_AUTORELEASING = YES;
				CLANG_WARN_BOOL_CONVERSION = YES;
				CLANG_WARN_COMMA = YES;
				CLANG_WARN_CONSTANT_CONVERSION = YES;
				CLANG_WARN_DEPRECATED_OBJC_IMPLEMENTATIONS = YES;
				CLANG_WARN_DIRECT_OBJC_ISA_USAGE = YES_ERROR;
				CLANG_WARN_DOCUMENTATION_COMMENTS = YES;
				CLANG_WARN_EMPTY_BODY = YES;
				CLANG_WARN_ENUM_CONVERSION = YES;
				CLANG_WARN_INFINITE_RECURSION = YES;
				CLANG_WARN_INT_CONVERSION = YES;
				CLANG_WARN_NON_LITERAL_NULL_CONVERSION = YES;
				CLANG_WARN_OBJC_IMPLICIT_RETAIN_SELF = YES;
				CLANG_WARN_OBJC_LITERAL_CONVERSION = YES;
				CLANG_WARN_OBJC_ROOT_CLASS = YES_ERROR;
				CLANG_WARN_QUOTED_INCLUDE_IN_FRAMEWORK_HEADER = YES;
				CLANG_WARN_RANGE_LOOP_ANALYSIS = YES;
				CLANG_WARN_STRICT_PROTOTYPES = YES;
				CLANG_WARN_SUSPICIOUS_MOVE = YES;
				CLANG_WARN_UNGUARDED_AVAILABILITY = YES_AGGRESSIVE;
				CLANG_WARN_UNREACHABLE_CODE = YES;
				CLANG_WARN__DUPLICATE_METHOD_MATCH = YES;
				COPY_PHASE_STRIP = NO;
				DEBUG_INFORMATION_FORMAT = "dwarf-with-dsym";
				ENABLE_NS_ASSERTIONS = NO;
				ENABLE_STRICT_OBJC_MSGSEND = YES;
				ENABLE_USER_SCRIPT_SANDBOXING = YES;
				GCC_C_LANGUAGE_STANDARD = gnu17;
				GCC_NO_COMMON_BLOCKS = YES;
				GCC_WARN_64_TO_32_BIT_CONVERSION = YES;
				GCC_WARN_ABOUT_RETURN_TYPE = YES_ERROR;
				GCC_WARN_UNDECLARED_SELECTOR = YES;
				GCC_WARN_UNINITIALIZED_AUTOS = YES_AGGRESSIVE;
				GCC_WARN_UNUSED_FUNCTION = YES;
				GCC_WARN_UNUSED_VARIABLE = YES;
				IPHONEOS_DEPLOYMENT_TARGET = 17.5;
				LOCALIZATION_PREFERS_STRING_CATALOGS = YES;
				MTL_ENABLE_DEBUG_INFO = NO;
				MTL_FAST_MATH = YES;
				SDKROOT = iphoneos;
				SWIFT_COMPILATION_MODE = wholemodule;
				VALIDATE_PRODUCT = YES;
			};
			name = Release;
		};
		7624B2B02C4C49280089CC57 /* Debug */ = {
			isa = XCBuildConfiguration;
			buildSettings = {
				ASSETCATALOG_COMPILER_APPICON_NAME = AppIcon;
				ASSETCATALOG_COMPILER_GLOBAL_ACCENT_COLOR_NAME = AccentColor;
				CODE_SIGN_STYLE = Automatic;
				CURRENT_PROJECT_VERSION = 1;
				DEVELOPMENT_ASSET_PATHS = "\"AnimationPlayground/Preview Content\"";
				ENABLE_PREVIEWS = YES;
				GENERATE_INFOPLIST_FILE = YES;
				INFOPLIST_KEY_UIApplicationSceneManifest_Generation = YES;
				INFOPLIST_KEY_UIApplicationSupportsIndirectInputEvents = YES;
				INFOPLIST_KEY_UILaunchScreen_Generation = YES;
				INFOPLIST_KEY_UISupportedInterfaceOrientations_iPad = "UIInterfaceOrientationPortrait UIInterfaceOrientationPortraitUpsideDown UIInterfaceOrientationLandscapeLeft UIInterfaceOrientationLandscapeRight";
				INFOPLIST_KEY_UISupportedInterfaceOrientations_iPhone = "UIInterfaceOrientationPortrait UIInterfaceOrientationLandscapeLeft UIInterfaceOrientationLandscapeRight";
				LD_RUNPATH_SEARCH_PATHS = (
					"$(inherited)",
					"@executable_path/Frameworks",
				);
				MARKETING_VERSION = 1.0;
				PRODUCT_BUNDLE_IDENTIFIER = com.kodenigame.AnimationPlayground;
				PRODUCT_NAME = "$(TARGET_NAME)";
				SWIFT_EMIT_LOC_STRINGS = YES;
				SWIFT_VERSION = 5.0;
				TARGETED_DEVICE_FAMILY = "1,2";
			};
			name = Debug;
		};
		7624B2B12C4C49280089CC57 /* Release */ = {
			isa = XCBuildConfiguration;
			buildSettings = {
				ASSETCATALOG_COMPILER_APPICON_NAME = AppIcon;
				ASSETCATALOG_COMPILER_GLOBAL_ACCENT_COLOR_NAME = AccentColor;
				CODE_SIGN_STYLE = Automatic;
				CURRENT_PROJECT_VERSION = 1;
				DEVELOPMENT_ASSET_PATHS = "\"AnimationPlayground/Preview Content\"";
				ENABLE_PREVIEWS = YES;
				GENERATE_INFOPLIST_FILE = YES;
				INFOPLIST_KEY_UIApplicationSceneManifest_Generation = YES;
				INFOPLIST_KEY_UIApplicationSupportsIndirectInputEvents = YES;
				INFOPLIST_KEY_UILaunchScreen_Generation = YES;
				INFOPLIST_KEY_UISupportedInterfaceOrientations_iPad = "UIInterfaceOrientationPortrait UIInterfaceOrientationPortraitUpsideDown UIInterfaceOrientationLandscapeLeft UIInterfaceOrientationLandscapeRight";
				INFOPLIST_KEY_UISupportedInterfaceOrientations_iPhone = "UIInterfaceOrientationPortrait UIInterfaceOrientationLandscapeLeft UIInterfaceOrientationLandscapeRight";
				LD_RUNPATH_SEARCH_PATHS = (
					"$(inherited)",
					"@executable_path/Frameworks",
				);
				MARKETING_VERSION = 1.0;
				PRODUCT_BUNDLE_IDENTIFIER = com.kodenigame.AnimationPlayground;
				PRODUCT_NAME = "$(TARGET_NAME)";
				SWIFT_EMIT_LOC_STRINGS = YES;
				SWIFT_VERSION = 5.0;
				TARGETED_DEVICE_FAMILY = "1,2";
			};
			name = Release;
		};
		7624B2B32C4C49280089CC57 /* Debug */ = {
			isa = XCBuildConfiguration;
			buildSettings = {
				ALWAYS_EMBED_SWIFT_STANDARD_LIBRARIES = YES;
				BUNDLE_LOADER = "$(TEST_HOST)";
				CODE_SIGN_STYLE = Automatic;
				CURRENT_PROJECT_VERSION = 1;
				GENERATE_INFOPLIST_FILE = YES;
				IPHONEOS_DEPLOYMENT_TARGET = 17.5;
				MARKETING_VERSION = 1.0;
				PRODUCT_BUNDLE_IDENTIFIER = com.kodenigame.AnimationPlaygroundTests;
				PRODUCT_NAME = "$(TARGET_NAME)";
				SWIFT_EMIT_LOC_STRINGS = NO;
				SWIFT_VERSION = 5.0;
				TARGETED_DEVICE_FAMILY = "1,2";
				TEST_HOST = "$(BUILT_PRODUCTS_DIR)/AnimationPlayground.app/$(BUNDLE_EXECUTABLE_FOLDER_PATH)/AnimationPlayground";
			};
			name = Debug;
		};
		7624B2B42C4C49280089CC57 /* Release */ = {
			isa = XCBuildConfiguration;
			buildSettings = {
				ALWAYS_EMBED_SWIFT_STANDARD_LIBRARIES = YES;
				BUNDLE_LOADER = "$(TEST_HOST)";
				CODE_SIGN_STYLE = Automatic;
				CURRENT_PROJECT_VERSION = 1;
				GENERATE_INFOPLIST_FILE = YES;
				IPHONEOS_DEPLOYMENT_TARGET = 17.5;
				MARKETING_VERSION = 1.0;
				PRODUCT_BUNDLE_IDENTIFIER = com.kodenigame.AnimationPlaygroundTests;
				PRODUCT_NAME = "$(TARGET_NAME)";
				SWIFT_EMIT_LOC_STRINGS = NO;
				SWIFT_VERSION = 5.0;
				TARGETED_DEVICE_FAMILY = "1,2";
				TEST_HOST = "$(BUILT_PRODUCTS_DIR)/AnimationPlayground.app/$(BUNDLE_EXECUTABLE_FOLDER_PATH)/AnimationPlayground";
			};
			name = Release;
		};
		7624B2B62C4C49280089CC57 /* Debug */ = {
			isa = XCBuildConfiguration;
			buildSettings = {
				ALWAYS_EMBED_SWIFT_STANDARD_LIBRARIES = YES;
				CODE_SIGN_STYLE = Automatic;
				CURRENT_PROJECT_VERSION = 1;
				GENERATE_INFOPLIST_FILE = YES;
				MARKETING_VERSION = 1.0;
				PRODUCT_BUNDLE_IDENTIFIER = com.kodenigame.AnimationPlaygroundUITests;
				PRODUCT_NAME = "$(TARGET_NAME)";
				SWIFT_EMIT_LOC_STRINGS = NO;
				SWIFT_VERSION = 5.0;
				TARGETED_DEVICE_FAMILY = "1,2";
				TEST_TARGET_NAME = AnimationPlayground;
			};
			name = Debug;
		};
		7624B2B72C4C49280089CC57 /* Release */ = {
			isa = XCBuildConfiguration;
			buildSettings = {
				ALWAYS_EMBED_SWIFT_STANDARD_LIBRARIES = YES;
				CODE_SIGN_STYLE = Automatic;
				CURRENT_PROJECT_VERSION = 1;
				GENERATE_INFOPLIST_FILE = YES;
				MARKETING_VERSION = 1.0;
				PRODUCT_BUNDLE_IDENTIFIER = com.kodenigame.AnimationPlaygroundUITests;
				PRODUCT_NAME = "$(TARGET_NAME)";
				SWIFT_EMIT_LOC_STRINGS = NO;
				SWIFT_VERSION = 5.0;
				TARGETED_DEVICE_FAMILY = "1,2";
				TEST_TARGET_NAME = AnimationPlayground;
			};
			name = Release;
		};
/* End XCBuildConfiguration section */

/* Begin XCConfigurationList section */
		7624B2862C4C49260089CC57 /* Build configuration list for PBXProject "AnimationPlayground" */ = {
			isa = XCConfigurationList;
			buildConfigurations = (
				7624B2AD2C4C49280089CC57 /* Debug */,
				7624B2AE2C4C49280089CC57 /* Release */,
			);
			defaultConfigurationIsVisible = 0;
			defaultConfigurationName = Release;
		};
		7624B2AF2C4C49280089CC57 /* Build configuration list for PBXNativeTarget "AnimationPlayground" */ = {
			isa = XCConfigurationList;
			buildConfigurations = (
				7624B2B02C4C49280089CC57 /* Debug */,
				7624B2B12C4C49280089CC57 /* Release */,
			);
			defaultConfigurationIsVisible = 0;
			defaultConfigurationName = Release;
		};
		7624B2B22C4C49280089CC57 /* Build configuration list for PBXNativeTarget "AnimationPlaygroundTests" */ = {
			isa = XCConfigurationList;
			buildConfigurations = (
				7624B2B32C4C49280089CC57 /* Debug */,
				7624B2B42C4C49280089CC57 /* Release */,
			);
			defaultConfigurationIsVisible = 0;
			defaultConfigurationName = Release;
		};
		7624B2B52C4C49280089CC57 /* Build configuration list for PBXNativeTarget "AnimationPlaygroundUITests" */ = {
			isa = XCConfigurationList;
			buildConfigurations = (
				7624B2B62C4C49280089CC57 /* Debug */,
				7624B2B72C4C49280089CC57 /* Release */,
			);
			defaultConfigurationIsVisible = 0;
			defaultConfigurationName = Release;
		};
/* End XCConfigurationList section */
	};
	rootObject = 7624B2832C4C49260089CC57 /* Project object */;
}
